// !$*UTF8*$!
{
	archiveVersion = 1;
	classes = {
	};
	objectVersion = 50;
	objects = {

/* Begin PBXBuildFile section */
		070328AF25D8D7F800862B1E /* Constants.swift in Sources */ = {isa = PBXBuildFile; fileRef = 070328AE25D8D7F800862B1E /* Constants.swift */; };
		070A094325D3A38C00F5AF6B /* GFEmptyState.swift in Sources */ = {isa = PBXBuildFile; fileRef = 070A094225D3A38C00F5AF6B /* GFEmptyState.swift */; };
		0729CE5B257F2A20009C64C9 /* GFTitleLabel.swift in Sources */ = {isa = PBXBuildFile; fileRef = 0729CE5A257F2A20009C64C9 /* GFTitleLabel.swift */; };
		0729CE5E257F2C1B009C64C9 /* GFBodyLabel.swift in Sources */ = {isa = PBXBuildFile; fileRef = 0729CE5D257F2C1B009C64C9 /* GFBodyLabel.swift */; };
		0729CE61257F2DAD009C64C9 /* GFAlertVC.swift in Sources */ = {isa = PBXBuildFile; fileRef = 0729CE60257F2DAD009C64C9 /* GFAlertVC.swift */; };
		0729CE65257F3B4E009C64C9 /* UIViewController+Ext.swift in Sources */ = {isa = PBXBuildFile; fileRef = 0729CE64257F3B4E009C64C9 /* UIViewController+Ext.swift */; };
		07371F7E2577679900798A8D /* AppDelegate.swift in Sources */ = {isa = PBXBuildFile; fileRef = 07371F7D2577679900798A8D /* AppDelegate.swift */; };
		07371F802577679900798A8D /* SceneDelegate.swift in Sources */ = {isa = PBXBuildFile; fileRef = 07371F7F2577679900798A8D /* SceneDelegate.swift */; };
		07371F872577679A00798A8D /* Assets.xcassets in Resources */ = {isa = PBXBuildFile; fileRef = 07371F862577679A00798A8D /* Assets.xcassets */; };
		07371F8A2577679A00798A8D /* LaunchScreen.storyboard in Resources */ = {isa = PBXBuildFile; fileRef = 07371F882577679A00798A8D /* LaunchScreen.storyboard */; };
		07371F9525776F5700798A8D /* SearchVC.swift in Sources */ = {isa = PBXBuildFile; fileRef = 07371F9425776F5700798A8D /* SearchVC.swift */; };
		07371F9825776F9800798A8D /* FavoritesListVC.swift in Sources */ = {isa = PBXBuildFile; fileRef = 07371F9725776F9800798A8D /* FavoritesListVC.swift */; };
		07513FE02581EF11002D9119 /* NetworkManager.swift in Sources */ = {isa = PBXBuildFile; fileRef = 07513FDF2581EF11002D9119 /* NetworkManager.swift */; };
		07513FE525835143002D9119 /* ErrorMessages.swift in Sources */ = {isa = PBXBuildFile; fileRef = 07513FE425835143002D9119 /* ErrorMessages.swift */; };
		0788999C257894F50008E474 /* GFButton.swift in Sources */ = {isa = PBXBuildFile; fileRef = 0788999B257894F50008E474 /* GFButton.swift */; };
		0795A350257C206C00F7EEB9 /* FollowerListVC.swift in Sources */ = {isa = PBXBuildFile; fileRef = 0795A34F257C206C00F7EEB9 /* FollowerListVC.swift */; };
		079A726325943AAE0089B122 /* UIHelper.swift in Sources */ = {isa = PBXBuildFile; fileRef = 079A726225943AAE0089B122 /* UIHelper.swift */; };
		079A89DB2585369200CC58D2 /* GFAvatarImageView.swift in Sources */ = {isa = PBXBuildFile; fileRef = 079A89DA2585369200CC58D2 /* GFAvatarImageView.swift */; };
		079A89DE258537A900CC58D2 /* FollowerCell.swift in Sources */ = {isa = PBXBuildFile; fileRef = 079A89DD258537A900CC58D2 /* FollowerCell.swift */; };
		07BAB41325D6327A00C4D902 /* GFUserInfoVC.swift in Sources */ = {isa = PBXBuildFile; fileRef = 07BAB41225D6327A00C4D902 /* GFUserInfoVC.swift */; };
		07BAB41625D654CE00C4D902 /* UserInfotHeaderVC.swift in Sources */ = {isa = PBXBuildFile; fileRef = 07BAB41525D654CE00C4D902 /* UserInfotHeaderVC.swift */; };
		07BAB41925D6553A00C4D902 /* GFSecondaryTitleLabel.swift in Sources */ = {isa = PBXBuildFile; fileRef = 07BAB41825D6553A00C4D902 /* GFSecondaryTitleLabel.swift */; };
		07D3404A25793B2200590C9E /* GFTextField.swift in Sources */ = {isa = PBXBuildFile; fileRef = 07D3404925793B2200590C9E /* GFTextField.swift */; };
		07D384ED25E4A75E001B8BE9 /* FavoriteCell.swift in Sources */ = {isa = PBXBuildFile; fileRef = 07D384EC25E4A75E001B8BE9 /* FavoriteCell.swift */; };
		07D9948825DCC17F00295FA6 /* GFItemInfoView.swift in Sources */ = {isa = PBXBuildFile; fileRef = 07D9948725DCC17F00295FA6 /* GFItemInfoView.swift */; };
		07D9948B25DE14BE00295FA6 /* GFItemInfoVC.swift in Sources */ = {isa = PBXBuildFile; fileRef = 07D9948A25DE14BE00295FA6 /* GFItemInfoVC.swift */; };
		07D9948E25DE1B1300295FA6 /* GFRepoItemVC.swift in Sources */ = {isa = PBXBuildFile; fileRef = 07D9948D25DE1B1300295FA6 /* GFRepoItemVC.swift */; };
		07D9949325DE20F000295FA6 /* GFFollowerItemVC.swift in Sources */ = {isa = PBXBuildFile; fileRef = 07D9949225DE20F000295FA6 /* GFFollowerItemVC.swift */; };
		07D9949725DF602300295FA6 /* Date+Ext.swift in Sources */ = {isa = PBXBuildFile; fileRef = 07D9949625DF602300295FA6 /* Date+Ext.swift */; };
		07D9949D25DF614200295FA6 /* String+Ext.swift in Sources */ = {isa = PBXBuildFile; fileRef = 07D9949C25DF614200295FA6 /* String+Ext.swift */; };
		07E0ACCA2580B22900112054 /* Follower.swift in Sources */ = {isa = PBXBuildFile; fileRef = 07E0ACC92580B22900112054 /* Follower.swift */; };
		07E0ACCD2580B38200112054 /* User.swift in Sources */ = {isa = PBXBuildFile; fileRef = 07E0ACCC2580B38200112054 /* User.swift */; };
		07E99D6E25E1707B00C232E5 /* PersistanceManager.swift in Sources */ = {isa = PBXBuildFile; fileRef = 07E99D6D25E1707B00C232E5 /* PersistanceManager.swift */; };
/* End PBXBuildFile section */

/* Begin PBXFileReference section */
		070328AE25D8D7F800862B1E /* Constants.swift */ = {isa = PBXFileReference; lastKnownFileType = sourcecode.swift; path = Constants.swift; sourceTree = "<group>"; };
		070A094225D3A38C00F5AF6B /* GFEmptyState.swift */ = {isa = PBXFileReference; lastKnownFileType = sourcecode.swift; path = GFEmptyState.swift; sourceTree = "<group>"; };
		0729CE5A257F2A20009C64C9 /* GFTitleLabel.swift */ = {isa = PBXFileReference; lastKnownFileType = sourcecode.swift; path = GFTitleLabel.swift; sourceTree = "<group>"; };
		0729CE5D257F2C1B009C64C9 /* GFBodyLabel.swift */ = {isa = PBXFileReference; lastKnownFileType = sourcecode.swift; path = GFBodyLabel.swift; sourceTree = "<group>"; };
		0729CE60257F2DAD009C64C9 /* GFAlertVC.swift */ = {isa = PBXFileReference; lastKnownFileType = sourcecode.swift; path = GFAlertVC.swift; sourceTree = "<group>"; };
		0729CE64257F3B4E009C64C9 /* UIViewController+Ext.swift */ = {isa = PBXFileReference; lastKnownFileType = sourcecode.swift; path = "UIViewController+Ext.swift"; sourceTree = "<group>"; };
		07371F7A2577679900798A8D /* GitHubFollowers.app */ = {isa = PBXFileReference; explicitFileType = wrapper.application; includeInIndex = 0; path = GitHubFollowers.app; sourceTree = BUILT_PRODUCTS_DIR; };
		07371F7D2577679900798A8D /* AppDelegate.swift */ = {isa = PBXFileReference; lastKnownFileType = sourcecode.swift; path = AppDelegate.swift; sourceTree = "<group>"; };
		07371F7F2577679900798A8D /* SceneDelegate.swift */ = {isa = PBXFileReference; lastKnownFileType = sourcecode.swift; path = SceneDelegate.swift; sourceTree = "<group>"; };
		07371F862577679A00798A8D /* Assets.xcassets */ = {isa = PBXFileReference; lastKnownFileType = folder.assetcatalog; path = Assets.xcassets; sourceTree = "<group>"; };
		07371F892577679A00798A8D /* Base */ = {isa = PBXFileReference; lastKnownFileType = file.storyboard; name = Base; path = Base.lproj/LaunchScreen.storyboard; sourceTree = "<group>"; };
		07371F8B2577679A00798A8D /* Info.plist */ = {isa = PBXFileReference; lastKnownFileType = text.plist.xml; path = Info.plist; sourceTree = "<group>"; };
		07371F9425776F5700798A8D /* SearchVC.swift */ = {isa = PBXFileReference; lastKnownFileType = sourcecode.swift; path = SearchVC.swift; sourceTree = "<group>"; };
		07371F9725776F9800798A8D /* FavoritesListVC.swift */ = {isa = PBXFileReference; lastKnownFileType = sourcecode.swift; path = FavoritesListVC.swift; sourceTree = "<group>"; };
		07513FDF2581EF11002D9119 /* NetworkManager.swift */ = {isa = PBXFileReference; lastKnownFileType = sourcecode.swift; path = NetworkManager.swift; sourceTree = "<group>"; };
		07513FE425835143002D9119 /* ErrorMessages.swift */ = {isa = PBXFileReference; lastKnownFileType = sourcecode.swift; path = ErrorMessages.swift; sourceTree = "<group>"; };
		0788999B257894F50008E474 /* GFButton.swift */ = {isa = PBXFileReference; lastKnownFileType = sourcecode.swift; path = GFButton.swift; sourceTree = "<group>"; };
		0795A34F257C206C00F7EEB9 /* FollowerListVC.swift */ = {isa = PBXFileReference; lastKnownFileType = sourcecode.swift; path = FollowerListVC.swift; sourceTree = "<group>"; };
		079A726225943AAE0089B122 /* UIHelper.swift */ = {isa = PBXFileReference; lastKnownFileType = sourcecode.swift; path = UIHelper.swift; sourceTree = "<group>"; };
		079A89DA2585369200CC58D2 /* GFAvatarImageView.swift */ = {isa = PBXFileReference; lastKnownFileType = sourcecode.swift; path = GFAvatarImageView.swift; sourceTree = "<group>"; };
		079A89DD258537A900CC58D2 /* FollowerCell.swift */ = {isa = PBXFileReference; lastKnownFileType = sourcecode.swift; path = FollowerCell.swift; sourceTree = "<group>"; };
		07BAB41225D6327A00C4D902 /* GFUserInfoVC.swift */ = {isa = PBXFileReference; lastKnownFileType = sourcecode.swift; path = GFUserInfoVC.swift; sourceTree = "<group>"; };
		07BAB41525D654CE00C4D902 /* UserInfotHeaderVC.swift */ = {isa = PBXFileReference; lastKnownFileType = sourcecode.swift; path = UserInfotHeaderVC.swift; sourceTree = "<group>"; };
		07BAB41825D6553A00C4D902 /* GFSecondaryTitleLabel.swift */ = {isa = PBXFileReference; lastKnownFileType = sourcecode.swift; path = GFSecondaryTitleLabel.swift; sourceTree = "<group>"; };
		07D3404925793B2200590C9E /* GFTextField.swift */ = {isa = PBXFileReference; lastKnownFileType = sourcecode.swift; path = GFTextField.swift; sourceTree = "<group>"; };
		07D384EC25E4A75E001B8BE9 /* FavoriteCell.swift */ = {isa = PBXFileReference; lastKnownFileType = sourcecode.swift; path = FavoriteCell.swift; sourceTree = "<group>"; };
		07D9948725DCC17F00295FA6 /* GFItemInfoView.swift */ = {isa = PBXFileReference; lastKnownFileType = sourcecode.swift; path = GFItemInfoView.swift; sourceTree = "<group>"; };
		07D9948A25DE14BE00295FA6 /* GFItemInfoVC.swift */ = {isa = PBXFileReference; lastKnownFileType = sourcecode.swift; path = GFItemInfoVC.swift; sourceTree = "<group>"; };
		07D9948D25DE1B1300295FA6 /* GFRepoItemVC.swift */ = {isa = PBXFileReference; lastKnownFileType = sourcecode.swift; path = GFRepoItemVC.swift; sourceTree = "<group>"; };
		07D9949225DE20F000295FA6 /* GFFollowerItemVC.swift */ = {isa = PBXFileReference; lastKnownFileType = sourcecode.swift; path = GFFollowerItemVC.swift; sourceTree = "<group>"; };
		07D9949625DF602300295FA6 /* Date+Ext.swift */ = {isa = PBXFileReference; lastKnownFileType = sourcecode.swift; path = "Date+Ext.swift"; sourceTree = "<group>"; };
		07D9949C25DF614200295FA6 /* String+Ext.swift */ = {isa = PBXFileReference; lastKnownFileType = sourcecode.swift; path = "String+Ext.swift"; sourceTree = "<group>"; };
		07E0ACC92580B22900112054 /* Follower.swift */ = {isa = PBXFileReference; lastKnownFileType = sourcecode.swift; path = Follower.swift; sourceTree = "<group>"; };
		07E0ACCC2580B38200112054 /* User.swift */ = {isa = PBXFileReference; lastKnownFileType = sourcecode.swift; path = User.swift; sourceTree = "<group>"; };
		07E99D6D25E1707B00C232E5 /* PersistanceManager.swift */ = {isa = PBXFileReference; lastKnownFileType = sourcecode.swift; path = PersistanceManager.swift; sourceTree = "<group>"; };
/* End PBXFileReference section */

/* Begin PBXFrameworksBuildPhase section */
		07371F772577679900798A8D /* Frameworks */ = {
			isa = PBXFrameworksBuildPhase;
			buildActionMask = 2147483647;
			files = (
			);
			runOnlyForDeploymentPostprocessing = 0;
		};
/* End PBXFrameworksBuildPhase section */

/* Begin PBXGroup section */
		070A093C25D3A2CD00F5AF6B /* Buttons */ = {
			isa = PBXGroup;
			children = (
				0788999B257894F50008E474 /* GFButton.swift */,
			);
			path = Buttons;
			sourceTree = "<group>";
		};
		070A093D25D3A2D900F5AF6B /* Labels */ = {
			isa = PBXGroup;
			children = (
				0729CE5A257F2A20009C64C9 /* GFTitleLabel.swift */,
				07BAB41825D6553A00C4D902 /* GFSecondaryTitleLabel.swift */,
				0729CE5D257F2C1B009C64C9 /* GFBodyLabel.swift */,
			);
			path = Labels;
			sourceTree = "<group>";
		};
		070A093E25D3A2EF00F5AF6B /* TextFields */ = {
			isa = PBXGroup;
			children = (
				07D3404925793B2200590C9E /* GFTextField.swift */,
			);
			path = TextFields;
			sourceTree = "<group>";
		};
		070A093F25D3A30700F5AF6B /* Images */ = {
			isa = PBXGroup;
			children = (
				079A89DA2585369200CC58D2 /* GFAvatarImageView.swift */,
			);
			path = Images;
			sourceTree = "<group>";
		};
		070A094025D3A32600F5AF6B /* Cells */ = {
			isa = PBXGroup;
			children = (
				079A89DD258537A900CC58D2 /* FollowerCell.swift */,
				07D384EC25E4A75E001B8BE9 /* FavoriteCell.swift */,
			);
			path = Cells;
			sourceTree = "<group>";
		};
		070A094125D3A33100F5AF6B /* Views */ = {
			isa = PBXGroup;
			children = (
				070A094225D3A38C00F5AF6B /* GFEmptyState.swift */,
				07D9948725DCC17F00295FA6 /* GFItemInfoView.swift */,
				07D9948D25DE1B1300295FA6 /* GFRepoItemVC.swift */,
				07D9949225DE20F000295FA6 /* GFFollowerItemVC.swift */,
				07BAB41525D654CE00C4D902 /* UserInfotHeaderVC.swift */,
				07D9948A25DE14BE00295FA6 /* GFItemInfoVC.swift */,
			);
			path = Views;
			sourceTree = "<group>";
		};
		07371F712577679900798A8D = {
			isa = PBXGroup;
			children = (
				07371F7C2577679900798A8D /* GitHubFollowers */,
				07371F7B2577679900798A8D /* Products */,
			);
			sourceTree = "<group>";
		};
		07371F7B2577679900798A8D /* Products */ = {
			isa = PBXGroup;
			children = (
				07371F7A2577679900798A8D /* GitHubFollowers.app */,
			);
			name = Products;
			sourceTree = "<group>";
		};
		07371F7C2577679900798A8D /* GitHubFollowers */ = {
			isa = PBXGroup;
			children = (
				07513FDC2581EEC7002D9119 /* Utils */,
				078899982578949E0008E474 /* Model */,
				07889999257894A50008E474 /* View */,
				0788999A257894AD0008E474 /* Controller */,
				07371F7D2577679900798A8D /* AppDelegate.swift */,
				07371F7F2577679900798A8D /* SceneDelegate.swift */,
				07371F862577679A00798A8D /* Assets.xcassets */,
				07371F882577679A00798A8D /* LaunchScreen.storyboard */,
				07371F8B2577679A00798A8D /* Info.plist */,
			);
			path = GitHubFollowers;
			sourceTree = "<group>";
		};
		07513FDC2581EEC7002D9119 /* Utils */ = {
			isa = PBXGroup;
			children = (
				079A726125943A810089B122 /* UI */,
				07513FE325835125002D9119 /* Enums */,
				07513FDE2581EEE8002D9119 /* Managers */,
				07513FDD2581EECF002D9119 /* Extensions */,
			);
			path = Utils;
			sourceTree = "<group>";
		};
		07513FDD2581EECF002D9119 /* Extensions */ = {
			isa = PBXGroup;
			children = (
				0729CE64257F3B4E009C64C9 /* UIViewController+Ext.swift */,
				07D9949625DF602300295FA6 /* Date+Ext.swift */,
				07D9949C25DF614200295FA6 /* String+Ext.swift */,
			);
			path = Extensions;
			sourceTree = "<group>";
		};
		07513FDE2581EEE8002D9119 /* Managers */ = {
			isa = PBXGroup;
			children = (
				07513FDF2581EF11002D9119 /* NetworkManager.swift */,
				07E99D6D25E1707B00C232E5 /* PersistanceManager.swift */,
			);
			path = Managers;
			sourceTree = "<group>";
		};
		07513FE325835125002D9119 /* Enums */ = {
			isa = PBXGroup;
			children = (
				07513FE425835143002D9119 /* ErrorMessages.swift */,
			);
			path = Enums;
			sourceTree = "<group>";
		};
		078899982578949E0008E474 /* Model */ = {
			isa = PBXGroup;
			children = (
				07E0ACC92580B22900112054 /* Follower.swift */,
				07E0ACCC2580B38200112054 /* User.swift */,
			);
			path = Model;
			sourceTree = "<group>";
		};
		07889999257894A50008E474 /* View */ = {
			isa = PBXGroup;
			children = (
				070A094125D3A33100F5AF6B /* Views */,
				070A094025D3A32600F5AF6B /* Cells */,
				070A093F25D3A30700F5AF6B /* Images */,
				070A093E25D3A2EF00F5AF6B /* TextFields */,
				070A093D25D3A2D900F5AF6B /* Labels */,
				070A093C25D3A2CD00F5AF6B /* Buttons */,
			);
			path = View;
			sourceTree = "<group>";
		};
		0788999A257894AD0008E474 /* Controller */ = {
			isa = PBXGroup;
			children = (
				07371F9425776F5700798A8D /* SearchVC.swift */,
				07371F9725776F9800798A8D /* FavoritesListVC.swift */,
				0795A34F257C206C00F7EEB9 /* FollowerListVC.swift */,
				0729CE60257F2DAD009C64C9 /* GFAlertVC.swift */,
				07BAB41225D6327A00C4D902 /* GFUserInfoVC.swift */,
			);
			path = Controller;
			sourceTree = "<group>";
		};
		079A726125943A810089B122 /* UI */ = {
			isa = PBXGroup;
			children = (
				079A726225943AAE0089B122 /* UIHelper.swift */,
				070328AE25D8D7F800862B1E /* Constants.swift */,
			);
			path = UI;
			sourceTree = "<group>";
		};
/* End PBXGroup section */

/* Begin PBXNativeTarget section */
		07371F792577679900798A8D /* GitHubFollowers */ = {
			isa = PBXNativeTarget;
			buildConfigurationList = 07371F8E2577679A00798A8D /* Build configuration list for PBXNativeTarget "GitHubFollowers" */;
			buildPhases = (
				07371F762577679900798A8D /* Sources */,
				07371F772577679900798A8D /* Frameworks */,
				07371F782577679900798A8D /* Resources */,
			);
			buildRules = (
			);
			dependencies = (
			);
			name = GitHubFollowers;
			productName = GitHubFollowers;
			productReference = 07371F7A2577679900798A8D /* GitHubFollowers.app */;
			productType = "com.apple.product-type.application";
		};
/* End PBXNativeTarget section */

/* Begin PBXProject section */
		07371F722577679900798A8D /* Project object */ = {
			isa = PBXProject;
			attributes = {
				LastSwiftUpdateCheck = 1220;
				LastUpgradeCheck = 1220;
				TargetAttributes = {
					07371F792577679900798A8D = {
						CreatedOnToolsVersion = 12.2;
					};
				};
			};
			buildConfigurationList = 07371F752577679900798A8D /* Build configuration list for PBXProject "GitHubFollowers" */;
			compatibilityVersion = "Xcode 9.3";
			developmentRegion = en;
			hasScannedForEncodings = 0;
			knownRegions = (
				en,
				Base,
			);
			mainGroup = 07371F712577679900798A8D;
			productRefGroup = 07371F7B2577679900798A8D /* Products */;
			projectDirPath = "";
			projectRoot = "";
			targets = (
				07371F792577679900798A8D /* GitHubFollowers */,
			);
		};
/* End PBXProject section */

/* Begin PBXResourcesBuildPhase section */
		07371F782577679900798A8D /* Resources */ = {
			isa = PBXResourcesBuildPhase;
			buildActionMask = 2147483647;
			files = (
				07371F8A2577679A00798A8D /* LaunchScreen.storyboard in Resources */,
				07371F872577679A00798A8D /* Assets.xcassets in Resources */,
			);
			runOnlyForDeploymentPostprocessing = 0;
		};
/* End PBXResourcesBuildPhase section */

/* Begin PBXSourcesBuildPhase section */
		07371F762577679900798A8D /* Sources */ = {
			isa = PBXSourcesBuildPhase;
			buildActionMask = 2147483647;
			files = (
				070A094325D3A38C00F5AF6B /* GFEmptyState.swift in Sources */,
				07BAB41625D654CE00C4D902 /* UserInfotHeaderVC.swift in Sources */,
				07E0ACCD2580B38200112054 /* User.swift in Sources */,
				0729CE5B257F2A20009C64C9 /* GFTitleLabel.swift in Sources */,
				07D3404A25793B2200590C9E /* GFTextField.swift in Sources */,
				07371F9825776F9800798A8D /* FavoritesListVC.swift in Sources */,
				07D9948B25DE14BE00295FA6 /* GFItemInfoVC.swift in Sources */,
				070328AF25D8D7F800862B1E /* Constants.swift in Sources */,
				0729CE65257F3B4E009C64C9 /* UIViewController+Ext.swift in Sources */,
				079A726325943AAE0089B122 /* UIHelper.swift in Sources */,
				0788999C257894F50008E474 /* GFButton.swift in Sources */,
				07D9949325DE20F000295FA6 /* GFFollowerItemVC.swift in Sources */,
				07D9948825DCC17F00295FA6 /* GFItemInfoView.swift in Sources */,
				0729CE61257F2DAD009C64C9 /* GFAlertVC.swift in Sources */,
				07D384ED25E4A75E001B8BE9 /* FavoriteCell.swift in Sources */,
				079A89DE258537A900CC58D2 /* FollowerCell.swift in Sources */,
				07E99D6E25E1707B00C232E5 /* PersistanceManager.swift in Sources */,
				0729CE5E257F2C1B009C64C9 /* GFBodyLabel.swift in Sources */,
				07513FE525835143002D9119 /* ErrorMessages.swift in Sources */,
				07D9949D25DF614200295FA6 /* String+Ext.swift in Sources */,
				07E0ACCA2580B22900112054 /* Follower.swift in Sources */,
				07371F9525776F5700798A8D /* SearchVC.swift in Sources */,
				07D9949725DF602300295FA6 /* Date+Ext.swift in Sources */,
				07BAB41925D6553A00C4D902 /* GFSecondaryTitleLabel.swift in Sources */,
				07513FE02581EF11002D9119 /* NetworkManager.swift in Sources */,
				079A89DB2585369200CC58D2 /* GFAvatarImageView.swift in Sources */,
				07371F7E2577679900798A8D /* AppDelegate.swift in Sources */,
				07371F802577679900798A8D /* SceneDelegate.swift in Sources */,
				0795A350257C206C00F7EEB9 /* FollowerListVC.swift in Sources */,
				07D9948E25DE1B1300295FA6 /* GFRepoItemVC.swift in Sources */,
				07BAB41325D6327A00C4D902 /* GFUserInfoVC.swift in Sources */,
			);
			runOnlyForDeploymentPostprocessing = 0;
		};
/* End PBXSourcesBuildPhase section */

/* Begin PBXVariantGroup section */
		07371F882577679A00798A8D /* LaunchScreen.storyboard */ = {
			isa = PBXVariantGroup;
			children = (
				07371F892577679A00798A8D /* Base */,
			);
			name = LaunchScreen.storyboard;
			sourceTree = "<group>";
		};
/* End PBXVariantGroup section */

/* Begin XCBuildConfiguration section */
		07371F8C2577679A00798A8D /* Debug */ = {
			isa = XCBuildConfiguration;
			buildSettings = {
				ALWAYS_SEARCH_USER_PATHS = NO;
				CLANG_ANALYZER_NONNULL = YES;
				CLANG_ANALYZER_NUMBER_OBJECT_CONVERSION = YES_AGGRESSIVE;
				CLANG_CXX_LANGUAGE_STANDARD = "gnu++14";
				CLANG_CXX_LIBRARY = "libc++";
				CLANG_ENABLE_MODULES = YES;
				CLANG_ENABLE_OBJC_ARC = YES;
				CLANG_ENABLE_OBJC_WEAK = YES;
				CLANG_WARN_BLOCK_CAPTURE_AUTORELEASING = YES;
				CLANG_WARN_BOOL_CONVERSION = YES;
				CLANG_WARN_COMMA = YES;
				CLANG_WARN_CONSTANT_CONVERSION = YES;
				CLANG_WARN_DEPRECATED_OBJC_IMPLEMENTATIONS = YES;
				CLANG_WARN_DIRECT_OBJC_ISA_USAGE = YES_ERROR;
				CLANG_WARN_DOCUMENTATION_COMMENTS = YES;
				CLANG_WARN_EMPTY_BODY = YES;
				CLANG_WARN_ENUM_CONVERSION = YES;
				CLANG_WARN_INFINITE_RECURSION = YES;
				CLANG_WARN_INT_CONVERSION = YES;
				CLANG_WARN_NON_LITERAL_NULL_CONVERSION = YES;
				CLANG_WARN_OBJC_IMPLICIT_RETAIN_SELF = YES;
				CLANG_WARN_OBJC_LITERAL_CONVERSION = YES;
				CLANG_WARN_OBJC_ROOT_CLASS = YES_ERROR;
				CLANG_WARN_QUOTED_INCLUDE_IN_FRAMEWORK_HEADER = YES;
				CLANG_WARN_RANGE_LOOP_ANALYSIS = YES;
				CLANG_WARN_STRICT_PROTOTYPES = YES;
				CLANG_WARN_SUSPICIOUS_MOVE = YES;
				CLANG_WARN_UNGUARDED_AVAILABILITY = YES_AGGRESSIVE;
				CLANG_WARN_UNREACHABLE_CODE = YES;
				CLANG_WARN__DUPLICATE_METHOD_MATCH = YES;
				COPY_PHASE_STRIP = NO;
				DEBUG_INFORMATION_FORMAT = dwarf;
				ENABLE_STRICT_OBJC_MSGSEND = YES;
				ENABLE_TESTABILITY = YES;
				GCC_C_LANGUAGE_STANDARD = gnu11;
				GCC_DYNAMIC_NO_PIC = NO;
				GCC_NO_COMMON_BLOCKS = YES;
				GCC_OPTIMIZATION_LEVEL = 0;
				GCC_PREPROCESSOR_DEFINITIONS = (
					"DEBUG=1",
					"$(inherited)",
				);
				GCC_WARN_64_TO_32_BIT_CONVERSION = YES;
				GCC_WARN_ABOUT_RETURN_TYPE = YES_ERROR;
				GCC_WARN_UNDECLARED_SELECTOR = YES;
				GCC_WARN_UNINITIALIZED_AUTOS = YES_AGGRESSIVE;
				GCC_WARN_UNUSED_FUNCTION = YES;
				GCC_WARN_UNUSED_VARIABLE = YES;
				IPHONEOS_DEPLOYMENT_TARGET = 14.2;
				MTL_ENABLE_DEBUG_INFO = INCLUDE_SOURCE;
				MTL_FAST_MATH = YES;
				ONLY_ACTIVE_ARCH = YES;
				SDKROOT = iphoneos;
				SWIFT_ACTIVE_COMPILATION_CONDITIONS = DEBUG;
				SWIFT_OPTIMIZATION_LEVEL = "-Onone";
			};
			name = Debug;
		};
		07371F8D2577679A00798A8D /* Release */ = {
			isa = XCBuildConfiguration;
			buildSettings = {
				ALWAYS_SEARCH_USER_PATHS = NO;
				CLANG_ANALYZER_NONNULL = YES;
				CLANG_ANALYZER_NUMBER_OBJECT_CONVERSION = YES_AGGRESSIVE;
				CLANG_CXX_LANGUAGE_STANDARD = "gnu++14";
				CLANG_CXX_LIBRARY = "libc++";
				CLANG_ENABLE_MODULES = YES;
				CLANG_ENABLE_OBJC_ARC = YES;
				CLANG_ENABLE_OBJC_WEAK = YES;
				CLANG_WARN_BLOCK_CAPTURE_AUTORELEASING = YES;
				CLANG_WARN_BOOL_CONVERSION = YES;
				CLANG_WARN_COMMA = YES;
				CLANG_WARN_CONSTANT_CONVERSION = YES;
				CLANG_WARN_DEPRECATED_OBJC_IMPLEMENTATIONS = YES;
				CLANG_WARN_DIRECT_OBJC_ISA_USAGE = YES_ERROR;
				CLANG_WARN_DOCUMENTATION_COMMENTS = YES;
				CLANG_WARN_EMPTY_BODY = YES;
				CLANG_WARN_ENUM_CONVERSION = YES;
				CLANG_WARN_INFINITE_RECURSION = YES;
				CLANG_WARN_INT_CONVERSION = YES;
				CLANG_WARN_NON_LITERAL_NULL_CONVERSION = YES;
				CLANG_WARN_OBJC_IMPLICIT_RETAIN_SELF = YES;
				CLANG_WARN_OBJC_LITERAL_CONVERSION = YES;
				CLANG_WARN_OBJC_ROOT_CLASS = YES_ERROR;
				CLANG_WARN_QUOTED_INCLUDE_IN_FRAMEWORK_HEADER = YES;
				CLANG_WARN_RANGE_LOOP_ANALYSIS = YES;
				CLANG_WARN_STRICT_PROTOTYPES = YES;
				CLANG_WARN_SUSPICIOUS_MOVE = YES;
				CLANG_WARN_UNGUARDED_AVAILABILITY = YES_AGGRESSIVE;
				CLANG_WARN_UNREACHABLE_CODE = YES;
				CLANG_WARN__DUPLICATE_METHOD_MATCH = YES;
				COPY_PHASE_STRIP = NO;
				DEBUG_INFORMATION_FORMAT = "dwarf-with-dsym";
				ENABLE_NS_ASSERTIONS = NO;
				ENABLE_STRICT_OBJC_MSGSEND = YES;
				GCC_C_LANGUAGE_STANDARD = gnu11;
				GCC_NO_COMMON_BLOCKS = YES;
				GCC_WARN_64_TO_32_BIT_CONVERSION = YES;
				GCC_WARN_ABOUT_RETURN_TYPE = YES_ERROR;
				GCC_WARN_UNDECLARED_SELECTOR = YES;
				GCC_WARN_UNINITIALIZED_AUTOS = YES_AGGRESSIVE;
				GCC_WARN_UNUSED_FUNCTION = YES;
				GCC_WARN_UNUSED_VARIABLE = YES;
				IPHONEOS_DEPLOYMENT_TARGET = 14.2;
				MTL_ENABLE_DEBUG_INFO = NO;
				MTL_FAST_MATH = YES;
				SDKROOT = iphoneos;
				SWIFT_COMPILATION_MODE = wholemodule;
				SWIFT_OPTIMIZATION_LEVEL = "-O";
				VALIDATE_PRODUCT = YES;
			};
			name = Release;
		};
		07371F8F2577679A00798A8D /* Debug */ = {
			isa = XCBuildConfiguration;
			buildSettings = {
				ASSETCATALOG_COMPILER_APPICON_NAME = AppIcon;
				ASSETCATALOG_COMPILER_GLOBAL_ACCENT_COLOR_NAME = AccentColor;
				CODE_SIGN_STYLE = Automatic;
				INFOPLIST_FILE = GitHubFollowers/Info.plist;
				LD_RUNPATH_SEARCH_PATHS = (
					"$(inherited)",
					"@executable_path/Frameworks",
				);
				PRODUCT_BUNDLE_IDENTIFIER = dev.carlospadron.GitHubFollowers;
				PRODUCT_NAME = "$(TARGET_NAME)";
				SWIFT_VERSION = 5.0;
				TARGETED_DEVICE_FAMILY = "1,2";
			};
			name = Debug;
		};
		07371F902577679A00798A8D /* Release */ = {
			isa = XCBuildConfiguration;
			buildSettings = {
				ASSETCATALOG_COMPILER_APPICON_NAME = AppIcon;
				ASSETCATALOG_COMPILER_GLOBAL_ACCENT_COLOR_NAME = AccentColor;
				CODE_SIGN_STYLE = Automatic;
				INFOPLIST_FILE = GitHubFollowers/Info.plist;
				LD_RUNPATH_SEARCH_PATHS = (
					"$(inherited)",
					"@executable_path/Frameworks",
				);
				PRODUCT_BUNDLE_IDENTIFIER = dev.carlospadron.GitHubFollowers;
				PRODUCT_NAME = "$(TARGET_NAME)";
				SWIFT_VERSION = 5.0;
				TARGETED_DEVICE_FAMILY = "1,2";
			};
			name = Release;
		};
/* End XCBuildConfiguration section */

/* Begin XCConfigurationList section */
		07371F752577679900798A8D /* Build configuration list for PBXProject "GitHubFollowers" */ = {
			isa = XCConfigurationList;
			buildConfigurations = (
				07371F8C2577679A00798A8D /* Debug */,
				07371F8D2577679A00798A8D /* Release */,
			);
			defaultConfigurationIsVisible = 0;
			defaultConfigurationName = Release;
		};
		07371F8E2577679A00798A8D /* Build configuration list for PBXNativeTarget "GitHubFollowers" */ = {
			isa = XCConfigurationList;
			buildConfigurations = (
				07371F8F2577679A00798A8D /* Debug */,
				07371F902577679A00798A8D /* Release */,
			);
			defaultConfigurationIsVisible = 0;
			defaultConfigurationName = Release;
		};
/* End XCConfigurationList section */
	};
	rootObject = 07371F722577679900798A8D /* Project object */;
}
